
Microsoft Visual Studio Solution File, Format Version 12.00
# Visual Studio 15
VisualStudioVersion = 15.0.26730.10
MinimumVisualStudioVersion = 10.0.40219.1
Project("{9A19103F-16F7-4668-BE54-9A1E7A4F7556}") = "FileServer", "FileServer\FileServer.csproj", "{BFC922AA-11C9-443D-A5F8-00F6FCB64FB7}"
EndProject
Global
	GlobalSection(SolutionConfigurationPlatforms) = preSolution
		Debug|Any CPU = Debug|Any CPU
		Release|Any CPU = Release|Any CPU
	EndGlobalSection
	GlobalSection(ProjectConfigurationPlatforms) = postSolution
		{BFC922AA-11C9-443D-A5F8-00F6FCB64FB7}.Debug|Any CPU.ActiveCfg = Debug|Any CPU
		{BFC922AA-11C9-443D-A5F8-00F6FCB64FB7}.Debug|Any CPU.Build.0 = Debug|Any CPU
		{BFC922AA-11C9-443D-A5F8-00F6FCB64FB7}.Release|Any CPU.ActiveCfg = Release|Any CPU
		{BFC922AA-11C9-443D-A5F8-00F6FCB64FB7}.Release|Any CPU.Build.0 = Release|Any CPU
	EndGlobalSection
	GlobalSection(SolutionProperties) = preSolution
		HideSolutionNode = FALSE
	EndGlobalSection
	GlobalSection(ExtensibilityGlobals) = postSolution
		SolutionGuid = {BDCCA62E-23E7-4680-A47E-6F7290AADA53}
	EndGlobalSection
EndGlobal
